
Microsoft Visual Studio Solution File, Format Version 12.00
# Visual Studio Version 16
VisualStudioVersion = 16.0.31624.102
MinimumVisualStudioVersion = 10.0.40219.1
Project("{8BC9CEB8-8B4A-11D0-8D11-00A0C91BC942}") = "Project1", "Project1\Project1.vcxproj", "{7F1890E8-8290-482B-8BB7-2F6F3C9F3AD8}"
EndProject
Project("{8BC9CEB8-8B4A-11D0-8D11-00A0C91BC942}") = "Project2", "Project2\Project2.vcxproj", "{5EB13B28-AA6D-44BB-B4C5-65F20C45B25D}"
EndProject
Project("{8BC9CEB8-8B4A-11D0-8D11-00A0C91BC942}") = "Project3", "Project3\Project3.vcxproj", "{4D430F34-64B1-4E45-B426-8FF144F07C77}"
EndProject
Global
	GlobalSection(SolutionConfigurationPlatforms) = preSolution
		Debug|x64 = Debug|x64
		Debug|x86 = Debug|x86
		Release|x64 = Release|x64
		Release|x86 = Release|x86
	EndGlobalSection
	GlobalSection(ProjectConfigurationPlatforms) = postSolution
		{7F1890E8-8290-482B-8BB7-2F6F3C9F3AD8}.Debug|x64.ActiveCfg = Debug|x64
		{7F1890E8-8290-482B-8BB7-2F6F3C9F3AD8}.Debug|x64.Build.0 = Debug|x64
		{7F1890E8-8290-482B-8BB7-2F6F3C9F3AD8}.Debug|x86.ActiveCfg = Debug|Win32
		{7F1890E8-8290-482B-8BB7-2F6F3C9F3AD8}.Debug|x86.Build.0 = Debug|Win32
		{7F1890E8-8290-482B-8BB7-2F6F3C9F3AD8}.Release|x64.ActiveCfg = Release|x64
		{7F1890E8-8290-482B-8BB7-2F6F3C9F3AD8}.Release|x64.Build.0 = Release|x64
		{7F1890E8-8290-482B-8BB7-2F6F3C9F3AD8}.Release|x86.ActiveCfg = Release|Win32
		{7F1890E8-8290-482B-8BB7-2F6F3C9F3AD8}.Release|x86.Build.0 = Release|Win32
		{5EB13B28-AA6D-44BB-B4C5-65F20C45B25D}.Debug|x64.ActiveCfg = Debug|x64
		{5EB13B28-AA6D-44BB-B4C5-65F20C45B25D}.Debug|x64.Build.0 = Debug|x64
		{5EB13B28-AA6D-44BB-B4C5-65F20C45B25D}.Debug|x86.ActiveCfg = Debug|Win32
		{5EB13B28-AA6D-44BB-B4C5-65F20C45B25D}.Debug|x86.Build.0 = Debug|Win32
		{5EB13B28-AA6D-44BB-B4C5-65F20C45B25D}.Release|x64.ActiveCfg = Release|x64
		{5EB13B28-AA6D-44BB-B4C5-65F20C45B25D}.Release|x64.Build.0 = Release|x64
		{5EB13B28-AA6D-44BB-B4C5-65F20C45B25D}.Release|x86.ActiveCfg = Release|Win32
		{5EB13B28-AA6D-44BB-B4C5-65F20C45B25D}.Release|x86.Build.0 = Release|Win32
		{4D430F34-64B1-4E45-B426-8FF144F07C77}.Debug|x64.ActiveCfg = Debug|x64
		{4D430F34-64B1-4E45-B426-8FF144F07C77}.Debug|x64.Build.0 = Debug|x64
		{4D430F34-64B1-4E45-B426-8FF144F07C77}.Debug|x86.ActiveCfg = Debug|Win32
		{4D430F34-64B1-4E45-B426-8FF144F07C77}.Debug|x86.Build.0 = Debug|Win32
		{4D430F34-64B1-4E45-B426-8FF144F07C77}.Release|x64.ActiveCfg = Release|x64
		{4D430F34-64B1-4E45-B426-8FF144F07C77}.Release|x64.Build.0 = Release|x64
		{4D430F34-64B1-4E45-B426-8FF144F07C77}.Release|x86.ActiveCfg = Release|Win32
		{4D430F34-64B1-4E45-B426-8FF144F07C77}.Release|x86.Build.0 = Release|Win32
	EndGlobalSection
	GlobalSection(SolutionProperties) = preSolution
		HideSolutionNode = FALSE
	EndGlobalSection
	GlobalSection(ExtensibilityGlobals) = postSolution
		SolutionGuid = {6B5F1739-80E9-4B1E-A0C6-24A77D2B6490}
	EndGlobalSection
EndGlobal
