
Microsoft Visual Studio Solution File, Format Version 12.00
# Visual Studio Version 16
VisualStudioVersion = 16.0.31105.61
MinimumVisualStudioVersion = 10.0.40219.1
Project("{8BC9CEB8-8B4A-11D0-8D11-00A0C91BC942}") = "Project1", "Project1\Project1.vcxproj", "{28955E89-4309-46C3-B05A-0D43DDD9FC5C}"
EndProject
Project("{8BC9CEB8-8B4A-11D0-8D11-00A0C91BC942}") = "Project2", "Project2\Project2.vcxproj", "{AB4F5FD6-2FF4-455E-875F-109EADEBD990}"
EndProject
Project("{8BC9CEB8-8B4A-11D0-8D11-00A0C91BC942}") = "Project3", "Project3\Project3.vcxproj", "{E65D050C-1CD1-4A9D-BBB2-6A0957C9055B}"
EndProject
Project("{8BC9CEB8-8B4A-11D0-8D11-00A0C91BC942}") = "Project4", "Project4\Project4.vcxproj", "{FF13F6F2-1109-4002-AE2A-C39B4F240345}"
EndProject
Global
	GlobalSection(SolutionConfigurationPlatforms) = preSolution
		Debug|x64 = Debug|x64
		Debug|x86 = Debug|x86
		Release|x64 = Release|x64
		Release|x86 = Release|x86
	EndGlobalSection
	GlobalSection(ProjectConfigurationPlatforms) = postSolution
		{28955E89-4309-46C3-B05A-0D43DDD9FC5C}.Debug|x64.ActiveCfg = Debug|x64
		{28955E89-4309-46C3-B05A-0D43DDD9FC5C}.Debug|x64.Build.0 = Debug|x64
		{28955E89-4309-46C3-B05A-0D43DDD9FC5C}.Debug|x86.ActiveCfg = Debug|Win32
		{28955E89-4309-46C3-B05A-0D43DDD9FC5C}.Debug|x86.Build.0 = Debug|Win32
		{28955E89-4309-46C3-B05A-0D43DDD9FC5C}.Release|x64.ActiveCfg = Release|x64
		{28955E89-4309-46C3-B05A-0D43DDD9FC5C}.Release|x64.Build.0 = Release|x64
		{28955E89-4309-46C3-B05A-0D43DDD9FC5C}.Release|x86.ActiveCfg = Release|Win32
		{28955E89-4309-46C3-B05A-0D43DDD9FC5C}.Release|x86.Build.0 = Release|Win32
		{AB4F5FD6-2FF4-455E-875F-109EADEBD990}.Debug|x64.ActiveCfg = Debug|x64
		{AB4F5FD6-2FF4-455E-875F-109EADEBD990}.Debug|x64.Build.0 = Debug|x64
		{AB4F5FD6-2FF4-455E-875F-109EADEBD990}.Debug|x86.ActiveCfg = Debug|Win32
		{AB4F5FD6-2FF4-455E-875F-109EADEBD990}.Debug|x86.Build.0 = Debug|Win32
		{AB4F5FD6-2FF4-455E-875F-109EADEBD990}.Release|x64.ActiveCfg = Release|x64
		{AB4F5FD6-2FF4-455E-875F-109EADEBD990}.Release|x64.Build.0 = Release|x64
		{AB4F5FD6-2FF4-455E-875F-109EADEBD990}.Release|x86.ActiveCfg = Release|Win32
		{AB4F5FD6-2FF4-455E-875F-109EADEBD990}.Release|x86.Build.0 = Release|Win32
		{E65D050C-1CD1-4A9D-BBB2-6A0957C9055B}.Debug|x64.ActiveCfg = Debug|x64
		{E65D050C-1CD1-4A9D-BBB2-6A0957C9055B}.Debug|x64.Build.0 = Debug|x64
		{E65D050C-1CD1-4A9D-BBB2-6A0957C9055B}.Debug|x86.ActiveCfg = Debug|Win32
		{E65D050C-1CD1-4A9D-BBB2-6A0957C9055B}.Debug|x86.Build.0 = Debug|Win32
		{E65D050C-1CD1-4A9D-BBB2-6A0957C9055B}.Release|x64.ActiveCfg = Release|x64
		{E65D050C-1CD1-4A9D-BBB2-6A0957C9055B}.Release|x64.Build.0 = Release|x64
		{E65D050C-1CD1-4A9D-BBB2-6A0957C9055B}.Release|x86.ActiveCfg = Release|Win32
		{E65D050C-1CD1-4A9D-BBB2-6A0957C9055B}.Release|x86.Build.0 = Release|Win32
		{FF13F6F2-1109-4002-AE2A-C39B4F240345}.Debug|x64.ActiveCfg = Debug|x64
		{FF13F6F2-1109-4002-AE2A-C39B4F240345}.Debug|x64.Build.0 = Debug|x64
		{FF13F6F2-1109-4002-AE2A-C39B4F240345}.Debug|x86.ActiveCfg = Debug|Win32
		{FF13F6F2-1109-4002-AE2A-C39B4F240345}.Debug|x86.Build.0 = Debug|Win32
		{FF13F6F2-1109-4002-AE2A-C39B4F240345}.Release|x64.ActiveCfg = Release|x64
		{FF13F6F2-1109-4002-AE2A-C39B4F240345}.Release|x64.Build.0 = Release|x64
		{FF13F6F2-1109-4002-AE2A-C39B4F240345}.Release|x86.ActiveCfg = Release|Win32
		{FF13F6F2-1109-4002-AE2A-C39B4F240345}.Release|x86.Build.0 = Release|Win32
	EndGlobalSection
	GlobalSection(SolutionProperties) = preSolution
		HideSolutionNode = FALSE
	EndGlobalSection
	GlobalSection(ExtensibilityGlobals) = postSolution
		SolutionGuid = {2FA03BA8-8901-4E28-B4F7-1B9F57ED9E2B}
	EndGlobalSection
EndGlobal
